
Microsoft Visual Studio Solution File, Format Version 12.00
# Visual Studio Version 16
VisualStudioVersion = 16.0.33927.289
MinimumVisualStudioVersion = 10.0.40219.1
Project("{FAE04EC0-301F-11D3-BF4B-00C04F79EFBC}") = "CalculatorGrid", "CalculatorGrid\CalculatorGrid.csproj", "{699F2756-C377-41C3-823D-24F298964761}"
EndProject
Global
	GlobalSection(SolutionConfigurationPlatforms) = preSolution
		Debug|Any CPU = Debug|Any CPU
		Release|Any CPU = Release|Any CPU
	EndGlobalSection
	GlobalSection(ProjectConfigurationPlatforms) = postSolution
		{699F2756-C377-41C3-823D-24F298964761}.Debug|Any CPU.ActiveCfg = Debug|Any CPU
		{699F2756-C377-41C3-823D-24F298964761}.Debug|Any CPU.Build.0 = Debug|Any CPU
		{699F2756-C377-41C3-823D-24F298964761}.Release|Any CPU.ActiveCfg = Release|Any CPU
		{699F2756-C377-41C3-823D-24F298964761}.Release|Any CPU.Build.0 = Release|Any CPU
	EndGlobalSection
	GlobalSection(SolutionProperties) = preSolution
		HideSolutionNode = FALSE
	EndGlobalSection
	GlobalSection(ExtensibilityGlobals) = postSolution
		SolutionGuid = {AF649157-3D31-46A5-BB64-C272B261850C}
	EndGlobalSection
EndGlobal
